
Microsoft Visual Studio Solution File, Format Version 12.00
# Visual Studio Version 17
VisualStudioVersion = 17.11.35312.102
MinimumVisualStudioVersion = 10.0.40219.1
Project("{8BC9CEB8-8B4A-11D0-8D11-00A0C91BC942}") = "Draft_1", "Draft_1\Draft_1.vcxproj", "{7F219314-B0BF-4F07-A23E-0517AB317EA0}"
EndProject
Project("{2150E333-8FDC-42A3-9474-1A3956D46DE8}") = "ClassworksCode", "ClassworksCode", "{BBB96C87-62BD-464C-ABE9-8B01911CE754}"
EndProject
Project("{8BC9CEB8-8B4A-11D0-8D11-00A0C91BC942}") = "日期类的实现", "ClassworksCode\日期类的实现\日期类的实现.vcxproj", "{4E7BE70A-7EC3-43AF-9D07-DB4C16EAEA86}"
EndProject
Project("{2150E333-8FDC-42A3-9474-1A3956D46DE8}") = "牛客", "牛客", "{83714626-2480-4002-90BA-19CB64F85BED}"
EndProject
Project("{2150E333-8FDC-42A3-9474-1A3956D46DE8}") = "力扣", "力扣", "{D32A39AE-5E3A-4F77-93D5-C46C0C85CB3D}"
EndProject
Project("{8BC9CEB8-8B4A-11D0-8D11-00A0C91BC942}") = "HJ73_计算日期到天数转换", "牛客\HJ73_计算日期到天数转换\HJ73_计算日期到天数转换.vcxproj", "{5F67B7FD-E2B2-4E61-BBD1-185879D557CE}"
EndProject
Project("{8BC9CEB8-8B4A-11D0-8D11-00A0C91BC942}") = "KY111_日期差值", "牛客\KY111_日期差值\KY111_日期差值.vcxproj", "{E15C18B3-870F-4021-90A4-D761291938AA}"
EndProject
Project("{8BC9CEB8-8B4A-11D0-8D11-00A0C91BC942}") = "JZ64_求1+2+…+n", "牛客\JZ64_求1+2+…+n\JZ64_求1+2+…+n.vcxproj", "{88D2DCBD-3465-4927-A4B2-341166D7117B}"
EndProject
Project("{8BC9CEB8-8B4A-11D0-8D11-00A0C91BC942}") = "KY222_打印日期", "牛客\KY222_打印日期\KY222_打印日期.vcxproj", "{35E2DA3E-C2E2-442B-BD0F-CCE8E798631E}"
EndProject
Project("{8BC9CEB8-8B4A-11D0-8D11-00A0C91BC942}") = "KY258_日期累加", "牛客\KY258_日期累加\KY258_日期累加.vcxproj", "{CB80AD7E-F9A9-48CF-A856-A83F7F4A5B41}"
EndProject
Project("{8BC9CEB8-8B4A-11D0-8D11-00A0C91BC942}") = "415_字符串相加", "力扣\415_字符串相加\415_字符串相加.vcxproj", "{638A5D48-783B-4E73-A7D8-01D28F7CB8D6}"
EndProject
Project("{8BC9CEB8-8B4A-11D0-8D11-00A0C91BC942}") = "LCR192_把字符串转换成整数", "力扣\LCR192_把字符串转换成整数\LCR192_把字符串转换成整数.vcxproj", "{5A37AFE6-EF94-4EE7-BC2D-E98440F1726E}"
EndProject
Project("{8BC9CEB8-8B4A-11D0-8D11-00A0C91BC942}") = "415字符串相加", "力扣\415字符串相加\415字符串相加.vcxproj", "{3A0A018B-E542-4BD5-A3C3-020EFD428D62}"
EndProject
Project("{8BC9CEB8-8B4A-11D0-8D11-00A0C91BC942}") = "344_反转字符串", "力扣\344_反转字符串\344_反转字符串.vcxproj", "{3B1C4BBC-FF97-453E-97E0-0FD79D67817B}"
EndProject
Project("{8BC9CEB8-8B4A-11D0-8D11-00A0C91BC942}") = "387_字符串的第一个唯一字符", "387_字符串的第一个唯一字符\387_字符串的第一个唯一字符.vcxproj", "{8F8F79EE-F867-4407-82C8-1BAE6E5DA74E}"
EndProject
Project("{8BC9CEB8-8B4A-11D0-8D11-00A0C91BC942}") = "125_验证回文串", "力扣\125_验证回文串\125_验证回文串.vcxproj", "{3DABE8C6-C6D7-4C0F-8D88-472FE8874679}"
EndProject
Project("{8BC9CEB8-8B4A-11D0-8D11-00A0C91BC942}") = "118_杨辉三角", "力扣\118_杨辉三角\118_杨辉三角.vcxproj", "{B0D63621-CC9D-4619-BF63-EE99D177E93F}"
EndProject
Project("{8BC9CEB8-8B4A-11D0-8D11-00A0C91BC942}") = "43_字符串相乘", "力扣\43_字符串相乘\43_字符串相乘.vcxproj", "{8A56E64E-8998-485E-9DAC-EAF535211176}"
EndProject
Project("{8BC9CEB8-8B4A-11D0-8D11-00A0C91BC942}") = "HJ1_字符串最后一个单词的长度", "牛客\HJ1_字符串最后一个单词的长度\HJ1_字符串最后一个单词的长度.vcxproj", "{C8F36051-1DC1-46B7-BD98-5F1DD2AAA4E0}"
EndProject
Project("{8BC9CEB8-8B4A-11D0-8D11-00A0C91BC942}") = "541_反转字符串2", "力扣\541_反转字符串2\541_反转字符串2.vcxproj", "{3D8927E9-030C-4CE2-9248-1D3C3A751E47}"
EndProject
Project("{8BC9CEB8-8B4A-11D0-8D11-00A0C91BC942}") = "557_反转字符串中的单词", "557_反转字符串中的单词\557_反转字符串中的单词.vcxproj", "{B5388F56-F22A-42F6-BC48-CAFED52C0171}"
EndProject
Global
	GlobalSection(SolutionConfigurationPlatforms) = preSolution
		Debug|x64 = Debug|x64
		Debug|x86 = Debug|x86
		Release|x64 = Release|x64
		Release|x86 = Release|x86
	EndGlobalSection
	GlobalSection(ProjectConfigurationPlatforms) = postSolution
		{7F219314-B0BF-4F07-A23E-0517AB317EA0}.Debug|x64.ActiveCfg = Debug|x64
		{7F219314-B0BF-4F07-A23E-0517AB317EA0}.Debug|x64.Build.0 = Debug|x64
		{7F219314-B0BF-4F07-A23E-0517AB317EA0}.Debug|x86.ActiveCfg = Debug|Win32
		{7F219314-B0BF-4F07-A23E-0517AB317EA0}.Debug|x86.Build.0 = Debug|Win32
		{7F219314-B0BF-4F07-A23E-0517AB317EA0}.Release|x64.ActiveCfg = Release|x64
		{7F219314-B0BF-4F07-A23E-0517AB317EA0}.Release|x64.Build.0 = Release|x64
		{7F219314-B0BF-4F07-A23E-0517AB317EA0}.Release|x86.ActiveCfg = Release|Win32
		{7F219314-B0BF-4F07-A23E-0517AB317EA0}.Release|x86.Build.0 = Release|Win32
		{4E7BE70A-7EC3-43AF-9D07-DB4C16EAEA86}.Debug|x64.ActiveCfg = Debug|x64
		{4E7BE70A-7EC3-43AF-9D07-DB4C16EAEA86}.Debug|x64.Build.0 = Debug|x64
		{4E7BE70A-7EC3-43AF-9D07-DB4C16EAEA86}.Debug|x86.ActiveCfg = Debug|Win32
		{4E7BE70A-7EC3-43AF-9D07-DB4C16EAEA86}.Debug|x86.Build.0 = Debug|Win32
		{4E7BE70A-7EC3-43AF-9D07-DB4C16EAEA86}.Release|x64.ActiveCfg = Release|x64
		{4E7BE70A-7EC3-43AF-9D07-DB4C16EAEA86}.Release|x64.Build.0 = Release|x64
		{4E7BE70A-7EC3-43AF-9D07-DB4C16EAEA86}.Release|x86.ActiveCfg = Release|Win32
		{4E7BE70A-7EC3-43AF-9D07-DB4C16EAEA86}.Release|x86.Build.0 = Release|Win32
		{5F67B7FD-E2B2-4E61-BBD1-185879D557CE}.Debug|x64.ActiveCfg = Debug|x64
		{5F67B7FD-E2B2-4E61-BBD1-185879D557CE}.Debug|x64.Build.0 = Debug|x64
		{5F67B7FD-E2B2-4E61-BBD1-185879D557CE}.Debug|x86.ActiveCfg = Debug|Win32
		{5F67B7FD-E2B2-4E61-BBD1-185879D557CE}.Debug|x86.Build.0 = Debug|Win32
		{5F67B7FD-E2B2-4E61-BBD1-185879D557CE}.Release|x64.ActiveCfg = Release|x64
		{5F67B7FD-E2B2-4E61-BBD1-185879D557CE}.Release|x64.Build.0 = Release|x64
		{5F67B7FD-E2B2-4E61-BBD1-185879D557CE}.Release|x86.ActiveCfg = Release|Win32
		{5F67B7FD-E2B2-4E61-BBD1-185879D557CE}.Release|x86.Build.0 = Release|Win32
		{E15C18B3-870F-4021-90A4-D761291938AA}.Debug|x64.ActiveCfg = Debug|x64
		{E15C18B3-870F-4021-90A4-D761291938AA}.Debug|x64.Build.0 = Debug|x64
		{E15C18B3-870F-4021-90A4-D761291938AA}.Debug|x86.ActiveCfg = Debug|Win32
		{E15C18B3-870F-4021-90A4-D761291938AA}.Debug|x86.Build.0 = Debug|Win32
		{E15C18B3-870F-4021-90A4-D761291938AA}.Release|x64.ActiveCfg = Release|x64
		{E15C18B3-870F-4021-90A4-D761291938AA}.Release|x64.Build.0 = Release|x64
		{E15C18B3-870F-4021-90A4-D761291938AA}.Release|x86.ActiveCfg = Release|Win32
		{E15C18B3-870F-4021-90A4-D761291938AA}.Release|x86.Build.0 = Release|Win32
		{88D2DCBD-3465-4927-A4B2-341166D7117B}.Debug|x64.ActiveCfg = Debug|x64
		{88D2DCBD-3465-4927-A4B2-341166D7117B}.Debug|x64.Build.0 = Debug|x64
		{88D2DCBD-3465-4927-A4B2-341166D7117B}.Debug|x86.ActiveCfg = Debug|Win32
		{88D2DCBD-3465-4927-A4B2-341166D7117B}.Debug|x86.Build.0 = Debug|Win32
		{88D2DCBD-3465-4927-A4B2-341166D7117B}.Release|x64.ActiveCfg = Release|x64
		{88D2DCBD-3465-4927-A4B2-341166D7117B}.Release|x64.Build.0 = Release|x64
		{88D2DCBD-3465-4927-A4B2-341166D7117B}.Release|x86.ActiveCfg = Release|Win32
		{88D2DCBD-3465-4927-A4B2-341166D7117B}.Release|x86.Build.0 = Release|Win32
		{35E2DA3E-C2E2-442B-BD0F-CCE8E798631E}.Debug|x64.ActiveCfg = Debug|x64
		{35E2DA3E-C2E2-442B-BD0F-CCE8E798631E}.Debug|x64.Build.0 = Debug|x64
		{35E2DA3E-C2E2-442B-BD0F-CCE8E798631E}.Debug|x86.ActiveCfg = Debug|Win32
		{35E2DA3E-C2E2-442B-BD0F-CCE8E798631E}.Debug|x86.Build.0 = Debug|Win32
		{35E2DA3E-C2E2-442B-BD0F-CCE8E798631E}.Release|x64.ActiveCfg = Release|x64
		{35E2DA3E-C2E2-442B-BD0F-CCE8E798631E}.Release|x64.Build.0 = Release|x64
		{35E2DA3E-C2E2-442B-BD0F-CCE8E798631E}.Release|x86.ActiveCfg = Release|Win32
		{35E2DA3E-C2E2-442B-BD0F-CCE8E798631E}.Release|x86.Build.0 = Release|Win32
		{CB80AD7E-F9A9-48CF-A856-A83F7F4A5B41}.Debug|x64.ActiveCfg = Debug|x64
		{CB80AD7E-F9A9-48CF-A856-A83F7F4A5B41}.Debug|x64.Build.0 = Debug|x64
		{CB80AD7E-F9A9-48CF-A856-A83F7F4A5B41}.Debug|x86.ActiveCfg = Debug|Win32
		{CB80AD7E-F9A9-48CF-A856-A83F7F4A5B41}.Debug|x86.Build.0 = Debug|Win32
		{CB80AD7E-F9A9-48CF-A856-A83F7F4A5B41}.Release|x64.ActiveCfg = Release|x64
		{CB80AD7E-F9A9-48CF-A856-A83F7F4A5B41}.Release|x64.Build.0 = Release|x64
		{CB80AD7E-F9A9-48CF-A856-A83F7F4A5B41}.Release|x86.ActiveCfg = Release|Win32
		{CB80AD7E-F9A9-48CF-A856-A83F7F4A5B41}.Release|x86.Build.0 = Release|Win32
		{638A5D48-783B-4E73-A7D8-01D28F7CB8D6}.Debug|x64.ActiveCfg = Debug|x64
		{638A5D48-783B-4E73-A7D8-01D28F7CB8D6}.Debug|x64.Build.0 = Debug|x64
		{638A5D48-783B-4E73-A7D8-01D28F7CB8D6}.Debug|x86.ActiveCfg = Debug|Win32
		{638A5D48-783B-4E73-A7D8-01D28F7CB8D6}.Debug|x86.Build.0 = Debug|Win32
		{638A5D48-783B-4E73-A7D8-01D28F7CB8D6}.Release|x64.ActiveCfg = Release|x64
		{638A5D48-783B-4E73-A7D8-01D28F7CB8D6}.Release|x64.Build.0 = Release|x64
		{638A5D48-783B-4E73-A7D8-01D28F7CB8D6}.Release|x86.ActiveCfg = Release|Win32
		{638A5D48-783B-4E73-A7D8-01D28F7CB8D6}.Release|x86.Build.0 = Release|Win32
		{5A37AFE6-EF94-4EE7-BC2D-E98440F1726E}.Debug|x64.ActiveCfg = Debug|x64
		{5A37AFE6-EF94-4EE7-BC2D-E98440F1726E}.Debug|x64.Build.0 = Debug|x64
		{5A37AFE6-EF94-4EE7-BC2D-E98440F1726E}.Debug|x86.ActiveCfg = Debug|Win32
		{5A37AFE6-EF94-4EE7-BC2D-E98440F1726E}.Debug|x86.Build.0 = Debug|Win32
		{5A37AFE6-EF94-4EE7-BC2D-E98440F1726E}.Release|x64.ActiveCfg = Release|x64
		{5A37AFE6-EF94-4EE7-BC2D-E98440F1726E}.Release|x64.Build.0 = Release|x64
		{5A37AFE6-EF94-4EE7-BC2D-E98440F1726E}.Release|x86.ActiveCfg = Release|Win32
		{5A37AFE6-EF94-4EE7-BC2D-E98440F1726E}.Release|x86.Build.0 = Release|Win32
		{3A0A018B-E542-4BD5-A3C3-020EFD428D62}.Debug|x64.ActiveCfg = Debug|x64
		{3A0A018B-E542-4BD5-A3C3-020EFD428D62}.Debug|x64.Build.0 = Debug|x64
		{3A0A018B-E542-4BD5-A3C3-020EFD428D62}.Debug|x86.ActiveCfg = Debug|Win32
		{3A0A018B-E542-4BD5-A3C3-020EFD428D62}.Debug|x86.Build.0 = Debug|Win32
		{3A0A018B-E542-4BD5-A3C3-020EFD428D62}.Release|x64.ActiveCfg = Release|x64
		{3A0A018B-E542-4BD5-A3C3-020EFD428D62}.Release|x64.Build.0 = Release|x64
		{3A0A018B-E542-4BD5-A3C3-020EFD428D62}.Release|x86.ActiveCfg = Release|Win32
		{3A0A018B-E542-4BD5-A3C3-020EFD428D62}.Release|x86.Build.0 = Release|Win32
		{3B1C4BBC-FF97-453E-97E0-0FD79D67817B}.Debug|x64.ActiveCfg = Debug|x64
		{3B1C4BBC-FF97-453E-97E0-0FD79D67817B}.Debug|x64.Build.0 = Debug|x64
		{3B1C4BBC-FF97-453E-97E0-0FD79D67817B}.Debug|x86.ActiveCfg = Debug|Win32
		{3B1C4BBC-FF97-453E-97E0-0FD79D67817B}.Debug|x86.Build.0 = Debug|Win32
		{3B1C4BBC-FF97-453E-97E0-0FD79D67817B}.Release|x64.ActiveCfg = Release|x64
		{3B1C4BBC-FF97-453E-97E0-0FD79D67817B}.Release|x64.Build.0 = Release|x64
		{3B1C4BBC-FF97-453E-97E0-0FD79D67817B}.Release|x86.ActiveCfg = Release|Win32
		{3B1C4BBC-FF97-453E-97E0-0FD79D67817B}.Release|x86.Build.0 = Release|Win32
		{8F8F79EE-F867-4407-82C8-1BAE6E5DA74E}.Debug|x64.ActiveCfg = Debug|x64
		{8F8F79EE-F867-4407-82C8-1BAE6E5DA74E}.Debug|x64.Build.0 = Debug|x64
		{8F8F79EE-F867-4407-82C8-1BAE6E5DA74E}.Debug|x86.ActiveCfg = Debug|Win32
		{8F8F79EE-F867-4407-82C8-1BAE6E5DA74E}.Debug|x86.Build.0 = Debug|Win32
		{8F8F79EE-F867-4407-82C8-1BAE6E5DA74E}.Release|x64.ActiveCfg = Release|x64
		{8F8F79EE-F867-4407-82C8-1BAE6E5DA74E}.Release|x64.Build.0 = Release|x64
		{8F8F79EE-F867-4407-82C8-1BAE6E5DA74E}.Release|x86.ActiveCfg = Release|Win32
		{8F8F79EE-F867-4407-82C8-1BAE6E5DA74E}.Release|x86.Build.0 = Release|Win32
		{3DABE8C6-C6D7-4C0F-8D88-472FE8874679}.Debug|x64.ActiveCfg = Debug|x64
		{3DABE8C6-C6D7-4C0F-8D88-472FE8874679}.Debug|x64.Build.0 = Debug|x64
		{3DABE8C6-C6D7-4C0F-8D88-472FE8874679}.Debug|x86.ActiveCfg = Debug|Win32
		{3DABE8C6-C6D7-4C0F-8D88-472FE8874679}.Debug|x86.Build.0 = Debug|Win32
		{3DABE8C6-C6D7-4C0F-8D88-472FE8874679}.Release|x64.ActiveCfg = Release|x64
		{3DABE8C6-C6D7-4C0F-8D88-472FE8874679}.Release|x64.Build.0 = Release|x64
		{3DABE8C6-C6D7-4C0F-8D88-472FE8874679}.Release|x86.ActiveCfg = Release|Win32
		{3DABE8C6-C6D7-4C0F-8D88-472FE8874679}.Release|x86.Build.0 = Release|Win32
		{B0D63621-CC9D-4619-BF63-EE99D177E93F}.Debug|x64.ActiveCfg = Debug|x64
		{B0D63621-CC9D-4619-BF63-EE99D177E93F}.Debug|x64.Build.0 = Debug|x64
		{B0D63621-CC9D-4619-BF63-EE99D177E93F}.Debug|x86.ActiveCfg = Debug|Win32
		{B0D63621-CC9D-4619-BF63-EE99D177E93F}.Debug|x86.Build.0 = Debug|Win32
		{B0D63621-CC9D-4619-BF63-EE99D177E93F}.Release|x64.ActiveCfg = Release|x64
		{B0D63621-CC9D-4619-BF63-EE99D177E93F}.Release|x64.Build.0 = Release|x64
		{B0D63621-CC9D-4619-BF63-EE99D177E93F}.Release|x86.ActiveCfg = Release|Win32
		{B0D63621-CC9D-4619-BF63-EE99D177E93F}.Release|x86.Build.0 = Release|Win32
		{8A56E64E-8998-485E-9DAC-EAF535211176}.Debug|x64.ActiveCfg = Debug|x64
		{8A56E64E-8998-485E-9DAC-EAF535211176}.Debug|x64.Build.0 = Debug|x64
		{8A56E64E-8998-485E-9DAC-EAF535211176}.Debug|x86.ActiveCfg = Debug|Win32
		{8A56E64E-8998-485E-9DAC-EAF535211176}.Debug|x86.Build.0 = Debug|Win32
		{8A56E64E-8998-485E-9DAC-EAF535211176}.Release|x64.ActiveCfg = Release|x64
		{8A56E64E-8998-485E-9DAC-EAF535211176}.Release|x64.Build.0 = Release|x64
		{8A56E64E-8998-485E-9DAC-EAF535211176}.Release|x86.ActiveCfg = Release|Win32
		{8A56E64E-8998-485E-9DAC-EAF535211176}.Release|x86.Build.0 = Release|Win32
		{C8F36051-1DC1-46B7-BD98-5F1DD2AAA4E0}.Debug|x64.ActiveCfg = Debug|x64
		{C8F36051-1DC1-46B7-BD98-5F1DD2AAA4E0}.Debug|x64.Build.0 = Debug|x64
		{C8F36051-1DC1-46B7-BD98-5F1DD2AAA4E0}.Debug|x86.ActiveCfg = Debug|Win32
		{C8F36051-1DC1-46B7-BD98-5F1DD2AAA4E0}.Debug|x86.Build.0 = Debug|Win32
		{C8F36051-1DC1-46B7-BD98-5F1DD2AAA4E0}.Release|x64.ActiveCfg = Release|x64
		{C8F36051-1DC1-46B7-BD98-5F1DD2AAA4E0}.Release|x64.Build.0 = Release|x64
		{C8F36051-1DC1-46B7-BD98-5F1DD2AAA4E0}.Release|x86.ActiveCfg = Release|Win32
		{C8F36051-1DC1-46B7-BD98-5F1DD2AAA4E0}.Release|x86.Build.0 = Release|Win32
		{3D8927E9-030C-4CE2-9248-1D3C3A751E47}.Debug|x64.ActiveCfg = Debug|x64
		{3D8927E9-030C-4CE2-9248-1D3C3A751E47}.Debug|x64.Build.0 = Debug|x64
		{3D8927E9-030C-4CE2-9248-1D3C3A751E47}.Debug|x86.ActiveCfg = Debug|Win32
		{3D8927E9-030C-4CE2-9248-1D3C3A751E47}.Debug|x86.Build.0 = Debug|Win32
		{3D8927E9-030C-4CE2-9248-1D3C3A751E47}.Release|x64.ActiveCfg = Release|x64
		{3D8927E9-030C-4CE2-9248-1D3C3A751E47}.Release|x64.Build.0 = Release|x64
		{3D8927E9-030C-4CE2-9248-1D3C3A751E47}.Release|x86.ActiveCfg = Release|Win32
		{3D8927E9-030C-4CE2-9248-1D3C3A751E47}.Release|x86.Build.0 = Release|Win32
		{B5388F56-F22A-42F6-BC48-CAFED52C0171}.Debug|x64.ActiveCfg = Debug|x64
		{B5388F56-F22A-42F6-BC48-CAFED52C0171}.Debug|x64.Build.0 = Debug|x64
		{B5388F56-F22A-42F6-BC48-CAFED52C0171}.Debug|x86.ActiveCfg = Debug|Win32
		{B5388F56-F22A-42F6-BC48-CAFED52C0171}.Debug|x86.Build.0 = Debug|Win32
		{B5388F56-F22A-42F6-BC48-CAFED52C0171}.Release|x64.ActiveCfg = Release|x64
		{B5388F56-F22A-42F6-BC48-CAFED52C0171}.Release|x64.Build.0 = Release|x64
		{B5388F56-F22A-42F6-BC48-CAFED52C0171}.Release|x86.ActiveCfg = Release|Win32
		{B5388F56-F22A-42F6-BC48-CAFED52C0171}.Release|x86.Build.0 = Release|Win32
	EndGlobalSection
	GlobalSection(SolutionProperties) = preSolution
		HideSolutionNode = FALSE
	EndGlobalSection
	GlobalSection(NestedProjects) = preSolution
		{4E7BE70A-7EC3-43AF-9D07-DB4C16EAEA86} = {BBB96C87-62BD-464C-ABE9-8B01911CE754}
		{5F67B7FD-E2B2-4E61-BBD1-185879D557CE} = {83714626-2480-4002-90BA-19CB64F85BED}
		{E15C18B3-870F-4021-90A4-D761291938AA} = {83714626-2480-4002-90BA-19CB64F85BED}
		{88D2DCBD-3465-4927-A4B2-341166D7117B} = {83714626-2480-4002-90BA-19CB64F85BED}
		{35E2DA3E-C2E2-442B-BD0F-CCE8E798631E} = {83714626-2480-4002-90BA-19CB64F85BED}
		{CB80AD7E-F9A9-48CF-A856-A83F7F4A5B41} = {83714626-2480-4002-90BA-19CB64F85BED}
		{638A5D48-783B-4E73-A7D8-01D28F7CB8D6} = {D32A39AE-5E3A-4F77-93D5-C46C0C85CB3D}
		{5A37AFE6-EF94-4EE7-BC2D-E98440F1726E} = {D32A39AE-5E3A-4F77-93D5-C46C0C85CB3D}
		{3A0A018B-E542-4BD5-A3C3-020EFD428D62} = {D32A39AE-5E3A-4F77-93D5-C46C0C85CB3D}
		{3B1C4BBC-FF97-453E-97E0-0FD79D67817B} = {D32A39AE-5E3A-4F77-93D5-C46C0C85CB3D}
		{8F8F79EE-F867-4407-82C8-1BAE6E5DA74E} = {D32A39AE-5E3A-4F77-93D5-C46C0C85CB3D}
		{3DABE8C6-C6D7-4C0F-8D88-472FE8874679} = {D32A39AE-5E3A-4F77-93D5-C46C0C85CB3D}
		{B0D63621-CC9D-4619-BF63-EE99D177E93F} = {D32A39AE-5E3A-4F77-93D5-C46C0C85CB3D}
		{8A56E64E-8998-485E-9DAC-EAF535211176} = {D32A39AE-5E3A-4F77-93D5-C46C0C85CB3D}
		{C8F36051-1DC1-46B7-BD98-5F1DD2AAA4E0} = {83714626-2480-4002-90BA-19CB64F85BED}
		{3D8927E9-030C-4CE2-9248-1D3C3A751E47} = {D32A39AE-5E3A-4F77-93D5-C46C0C85CB3D}
		{B5388F56-F22A-42F6-BC48-CAFED52C0171} = {D32A39AE-5E3A-4F77-93D5-C46C0C85CB3D}
	EndGlobalSection
	GlobalSection(ExtensibilityGlobals) = postSolution
		SolutionGuid = {19567278-2A7D-48CE-9AF2-D3A9047C97F6}
	EndGlobalSection
EndGlobal
